// !$*UTF8*$!
{
	archiveVersion = 1;
	classes = {
	};
	objectVersion = 50;
	objects = {

/* Begin PBXBuildFile section */
		DC058C5F240AF03200FE4CE7 /* SceneDelegate.swift in Sources */ = {isa = PBXBuildFile; fileRef = DC058C5E240AF03200FE4CE7 /* SceneDelegate.swift */; };
		DC058C61240AF03200FE4CE7 /* ViewController.swift in Sources */ = {isa = PBXBuildFile; fileRef = DC058C60240AF03200FE4CE7 /* ViewController.swift */; };
		DC058C64240AF03200FE4CE7 /* Main.storyboard in Resources */ = {isa = PBXBuildFile; fileRef = DC058C62240AF03200FE4CE7 /* Main.storyboard */; };
		DC058C69240AF03400FE4CE7 /* LaunchScreen.storyboard in Resources */ = {isa = PBXBuildFile; fileRef = DC058C67240AF03400FE4CE7 /* LaunchScreen.storyboard */; };
		DC15B9C1240D8D5200C97CD7 /* WeatherViewController.swift in Sources */ = {isa = PBXBuildFile; fileRef = DC15B9C0240D8D5200C97CD7 /* WeatherViewController.swift */; };
		DC15B9C4240D977400C97CD7 /* WeatherCollectionViewCell.swift in Sources */ = {isa = PBXBuildFile; fileRef = DC15B9C3240D977400C97CD7 /* WeatherCollectionViewCell.swift */; };
		DC15B9C6240DA0B800C97CD7 /* setCornerRadiusExtension.swift in Sources */ = {isa = PBXBuildFile; fileRef = DC15B9C5240DA0B800C97CD7 /* setCornerRadiusExtension.swift */; };
		DC15B9C8240DA26B00C97CD7 /* Icons.swift in Sources */ = {isa = PBXBuildFile; fileRef = DC15B9C7240DA26B00C97CD7 /* Icons.swift */; };
		DC3C2B41240C11F400264E4A /* SearchViewController.swift in Sources */ = {isa = PBXBuildFile; fileRef = DC3C2B40240C11F400264E4A /* SearchViewController.swift */; };
		DC3C2B5B240C15FF00264E4A /* Assets.xcassets in Resources */ = {isa = PBXBuildFile; fileRef = DC3C2B47240C15FF00264E4A /* Assets.xcassets */; };
		DC3C2B5E240C15FF00264E4A /* FontSetup.swift in Sources */ = {isa = PBXBuildFile; fileRef = DC3C2B4B240C15FF00264E4A /* FontSetup.swift */; };
		DC3C2B5F240C15FF00264E4A /* UIView+Pin.swift in Sources */ = {isa = PBXBuildFile; fileRef = DC3C2B4C240C15FF00264E4A /* UIView+Pin.swift */; };
		DC3C2B60240C15FF00264E4A /* Images.swift in Sources */ = {isa = PBXBuildFile; fileRef = DC3C2B4D240C15FF00264E4A /* Images.swift */; };
		DC3C2B61240C15FF00264E4A /* Attraction.swift in Sources */ = {isa = PBXBuildFile; fileRef = DC3C2B4F240C15FF00264E4A /* Attraction.swift */; };
		DC3C2B62240C15FF00264E4A /* AppDelegate.swift in Sources */ = {isa = PBXBuildFile; fileRef = DC3C2B50240C15FF00264E4A /* AppDelegate.swift */; };
		DC3C2B63240C15FF00264E4A /* AttractionViewController.swift in Sources */ = {isa = PBXBuildFile; fileRef = DC3C2B53240C15FF00264E4A /* AttractionViewController.swift */; };
		DC3C2B64240C15FF00264E4A /* AttractionCell.swift in Sources */ = {isa = PBXBuildFile; fileRef = DC3C2B55240C15FF00264E4A /* AttractionCell.swift */; };
		DC3C2B65240C15FF00264E4A /* KODEview.swift in Sources */ = {isa = PBXBuildFile; fileRef = DC3C2B56240C15FF00264E4A /* KODEview.swift */; };
		DC3C2B6A240C180400264E4A /* Cells.swift in Sources */ = {isa = PBXBuildFile; fileRef = DC3C2B69240C180400264E4A /* Cells.swift */; };
		DC95504B2416D78C0063979F /* Segues.swift in Sources */ = {isa = PBXBuildFile; fileRef = DC95504A2416D78C0063979F /* Segues.swift */; };
		DCE429912415ADBB00E77909 /* TestStruct.swift in Sources */ = {isa = PBXBuildFile; fileRef = DCE429902415ADBB00E77909 /* TestStruct.swift */; };
		DCF105A52412E2EB009DFD9E /* UserDefaults.swift in Sources */ = {isa = PBXBuildFile; fileRef = DCF105A42412E2EB009DFD9E /* UserDefaults.swift */; };
		DCF105A72412E2F6009DFD9E /* Abstract.swift in Sources */ = {isa = PBXBuildFile; fileRef = DCF105A62412E2F6009DFD9E /* Abstract.swift */; };
		DCF105A92412E301009DFD9E /* abstract.json in Resources */ = {isa = PBXBuildFile; fileRef = DCF105A82412E301009DFD9E /* abstract.json */; };
		DCF105AE2412E641009DFD9E /* InterfaceColors.swift in Sources */ = {isa = PBXBuildFile; fileRef = DCF105AD2412E641009DFD9E /* InterfaceColors.swift */; };
/* End PBXBuildFile section */

/* Begin PBXFileReference section */
		DC058C59240AF03200FE4CE7 /* VKRwithSB.app */ = {isa = PBXFileReference; explicitFileType = wrapper.application; includeInIndex = 0; path = VKRwithSB.app; sourceTree = BUILT_PRODUCTS_DIR; };
		DC058C5E240AF03200FE4CE7 /* SceneDelegate.swift */ = {isa = PBXFileReference; lastKnownFileType = sourcecode.swift; path = SceneDelegate.swift; sourceTree = "<group>"; };
		DC058C60240AF03200FE4CE7 /* ViewController.swift */ = {isa = PBXFileReference; lastKnownFileType = sourcecode.swift; path = ViewController.swift; sourceTree = "<group>"; };
		DC058C63240AF03200FE4CE7 /* Base */ = {isa = PBXFileReference; lastKnownFileType = file.storyboard; name = Base; path = Base.lproj/Main.storyboard; sourceTree = "<group>"; };
		DC058C68240AF03400FE4CE7 /* Base */ = {isa = PBXFileReference; lastKnownFileType = file.storyboard; name = Base; path = Base.lproj/LaunchScreen.storyboard; sourceTree = "<group>"; };
		DC058C6A240AF03400FE4CE7 /* Info.plist */ = {isa = PBXFileReference; lastKnownFileType = text.plist.xml; path = Info.plist; sourceTree = "<group>"; };
		DC15B9C0240D8D5200C97CD7 /* WeatherViewController.swift */ = {isa = PBXFileReference; lastKnownFileType = sourcecode.swift; path = WeatherViewController.swift; sourceTree = "<group>"; };
		DC15B9C3240D977400C97CD7 /* WeatherCollectionViewCell.swift */ = {isa = PBXFileReference; lastKnownFileType = sourcecode.swift; path = WeatherCollectionViewCell.swift; sourceTree = "<group>"; };
		DC15B9C5240DA0B800C97CD7 /* setCornerRadiusExtension.swift */ = {isa = PBXFileReference; lastKnownFileType = sourcecode.swift; path = setCornerRadiusExtension.swift; sourceTree = "<group>"; };
		DC15B9C7240DA26B00C97CD7 /* Icons.swift */ = {isa = PBXFileReference; fileEncoding = 4; lastKnownFileType = sourcecode.swift; path = Icons.swift; sourceTree = "<group>"; };
		DC3C2B40240C11F400264E4A /* SearchViewController.swift */ = {isa = PBXFileReference; lastKnownFileType = sourcecode.swift; path = SearchViewController.swift; sourceTree = "<group>"; };
		DC3C2B47240C15FF00264E4A /* Assets.xcassets */ = {isa = PBXFileReference; lastKnownFileType = folder.assetcatalog; path = Assets.xcassets; sourceTree = "<group>"; };
		DC3C2B4B240C15FF00264E4A /* FontSetup.swift */ = {isa = PBXFileReference; fileEncoding = 4; lastKnownFileType = sourcecode.swift; path = FontSetup.swift; sourceTree = "<group>"; };
		DC3C2B4C240C15FF00264E4A /* UIView+Pin.swift */ = {isa = PBXFileReference; fileEncoding = 4; lastKnownFileType = sourcecode.swift; path = "UIView+Pin.swift"; sourceTree = "<group>"; };
		DC3C2B4D240C15FF00264E4A /* Images.swift */ = {isa = PBXFileReference; fileEncoding = 4; lastKnownFileType = sourcecode.swift; path = Images.swift; sourceTree = "<group>"; };
		DC3C2B4F240C15FF00264E4A /* Attraction.swift */ = {isa = PBXFileReference; fileEncoding = 4; lastKnownFileType = sourcecode.swift; path = Attraction.swift; sourceTree = "<group>"; };
		DC3C2B50240C15FF00264E4A /* AppDelegate.swift */ = {isa = PBXFileReference; fileEncoding = 4; lastKnownFileType = sourcecode.swift; path = AppDelegate.swift; sourceTree = "<group>"; };
		DC3C2B53240C15FF00264E4A /* AttractionViewController.swift */ = {isa = PBXFileReference; fileEncoding = 4; lastKnownFileType = sourcecode.swift; path = AttractionViewController.swift; sourceTree = "<group>"; };
		DC3C2B55240C15FF00264E4A /* AttractionCell.swift */ = {isa = PBXFileReference; fileEncoding = 4; lastKnownFileType = sourcecode.swift; path = AttractionCell.swift; sourceTree = "<group>"; };
		DC3C2B56240C15FF00264E4A /* KODEview.swift */ = {isa = PBXFileReference; fileEncoding = 4; lastKnownFileType = sourcecode.swift; path = KODEview.swift; sourceTree = "<group>"; };
		DC3C2B69240C180400264E4A /* Cells.swift */ = {isa = PBXFileReference; lastKnownFileType = sourcecode.swift; path = Cells.swift; sourceTree = "<group>"; };
		DC95504A2416D78C0063979F /* Segues.swift */ = {isa = PBXFileReference; lastKnownFileType = sourcecode.swift; path = Segues.swift; sourceTree = "<group>"; };
		DCE429902415ADBB00E77909 /* TestStruct.swift */ = {isa = PBXFileReference; lastKnownFileType = sourcecode.swift; path = TestStruct.swift; sourceTree = "<group>"; };
		DCF105A42412E2EB009DFD9E /* UserDefaults.swift */ = {isa = PBXFileReference; fileEncoding = 4; lastKnownFileType = sourcecode.swift; path = UserDefaults.swift; sourceTree = "<group>"; };
		DCF105A62412E2F6009DFD9E /* Abstract.swift */ = {isa = PBXFileReference; fileEncoding = 4; lastKnownFileType = sourcecode.swift; path = Abstract.swift; sourceTree = "<group>"; };
		DCF105A82412E301009DFD9E /* abstract.json */ = {isa = PBXFileReference; fileEncoding = 4; lastKnownFileType = text.json; path = abstract.json; sourceTree = "<group>"; };
		DCF105AD2412E641009DFD9E /* InterfaceColors.swift */ = {isa = PBXFileReference; lastKnownFileType = sourcecode.swift; path = InterfaceColors.swift; sourceTree = "<group>"; };
/* End PBXFileReference section */

/* Begin PBXFrameworksBuildPhase section */
		DC058C56240AF03200FE4CE7 /* Frameworks */ = {
			isa = PBXFrameworksBuildPhase;
			buildActionMask = 2147483647;
			files = (
			);
			runOnlyForDeploymentPostprocessing = 0;
		};
/* End PBXFrameworksBuildPhase section */

/* Begin PBXGroup section */
		DC058C50240AF03200FE4CE7 = {
			isa = PBXGroup;
			children = (
				DC058C5B240AF03200FE4CE7 /* VKRwithSB */,
				DC058C5A240AF03200FE4CE7 /* Products */,
			);
			sourceTree = "<group>";
		};
		DC058C5A240AF03200FE4CE7 /* Products */ = {
			isa = PBXGroup;
			children = (
				DC058C59240AF03200FE4CE7 /* VKRwithSB.app */,
			);
			name = Products;
			sourceTree = "<group>";
		};
		DC058C5B240AF03200FE4CE7 /* VKRwithSB */ = {
			isa = PBXGroup;
			children = (
				DC3C2B42240C15FF00264E4A /* VKRDiplomaKODE */,
				DC3C2B47240C15FF00264E4A /* Assets.xcassets */,
				DC058C6A240AF03400FE4CE7 /* Info.plist */,
			);
			path = VKRwithSB;
			sourceTree = "<group>";
		};
		DC15B9C2240D974D00C97CD7 /* WeatherScreen */ = {
			isa = PBXGroup;
			children = (
				DC15B9C0240D8D5200C97CD7 /* WeatherViewController.swift */,
				DC15B9C3240D977400C97CD7 /* WeatherCollectionViewCell.swift */,
			);
			path = WeatherScreen;
			sourceTree = "<group>";
		};
		DC3C2B42240C15FF00264E4A /* VKRDiplomaKODE */ = {
			isa = PBXGroup;
			children = (
				DC3C2B43240C15FF00264E4A /* Storyboards */,
				DC3C2B48240C15FF00264E4A /* Extensions+Utilities */,
				DC3C2B4E240C15FF00264E4A /* Delegates */,
				DC3C2B51240C15FF00264E4A /* ViewControllers+views */,
			);
			path = VKRDiplomaKODE;
			sourceTree = "<group>";
		};
		DC3C2B43240C15FF00264E4A /* Storyboards */ = {
			isa = PBXGroup;
			children = (
				DC058C62240AF03200FE4CE7 /* Main.storyboard */,
				DC058C67240AF03400FE4CE7 /* LaunchScreen.storyboard */,
			);
			path = Storyboards;
			sourceTree = "<group>";
		};
		DC3C2B48240C15FF00264E4A /* Extensions+Utilities */ = {
			isa = PBXGroup;
			children = (
				DCF105AC2412E56C009DFD9E /* Data */,
				DCF105AB2412E55F009DFD9E /* Extensions */,
				DCF105AA2412E516009DFD9E /* structs for visual */,
			);
			path = "Extensions+Utilities";
			sourceTree = "<group>";
		};
		DC3C2B4E240C15FF00264E4A /* Delegates */ = {
			isa = PBXGroup;
			children = (
				DC3C2B50240C15FF00264E4A /* AppDelegate.swift */,
				DC058C5E240AF03200FE4CE7 /* SceneDelegate.swift */,
			);
			path = Delegates;
			sourceTree = "<group>";
		};
		DC3C2B51240C15FF00264E4A /* ViewControllers+views */ = {
			isa = PBXGroup;
			children = (
				DC15B9C2240D974D00C97CD7 /* WeatherScreen */,
				DC3C2B52240C15FF00264E4A /* AttractionsTableView */,
				DC3C2B68240C171A00264E4A /* Views */,
				DCE4298E24159A5700E77909 /* SearchScreen */,
			);
			path = "ViewControllers+views";
			sourceTree = "<group>";
		};
		DC3C2B52240C15FF00264E4A /* AttractionsTableView */ = {
			isa = PBXGroup;
			children = (
				DC3C2B53240C15FF00264E4A /* AttractionViewController.swift */,
				DC3C2B54240C15FF00264E4A /* PrototypeCell */,
			);
			path = AttractionsTableView;
			sourceTree = "<group>";
		};
		DC3C2B54240C15FF00264E4A /* PrototypeCell */ = {
			isa = PBXGroup;
			children = (
				DC3C2B55240C15FF00264E4A /* AttractionCell.swift */,
			);
			path = PrototypeCell;
			sourceTree = "<group>";
		};
		DC3C2B68240C171A00264E4A /* Views */ = {
			isa = PBXGroup;
			children = (
				DC058C60240AF03200FE4CE7 /* ViewController.swift */,
			);
			path = Views;
			sourceTree = "<group>";
		};
		DCE4298E24159A5700E77909 /* SearchScreen */ = {
			isa = PBXGroup;
			children = (
				DC3C2B40240C11F400264E4A /* SearchViewController.swift */,
				DC3C2B56240C15FF00264E4A /* KODEview.swift */,
			);
			path = SearchScreen;
			sourceTree = "<group>";
		};
		DCF105AA2412E516009DFD9E /* structs for visual */ = {
			isa = PBXGroup;
			children = (
				DC3C2B4B240C15FF00264E4A /* FontSetup.swift */,
				DC15B9C7240DA26B00C97CD7 /* Icons.swift */,
				DC3C2B4D240C15FF00264E4A /* Images.swift */,
			);
			path = "structs for visual";
			sourceTree = "<group>";
		};
		DCF105AB2412E55F009DFD9E /* Extensions */ = {
			isa = PBXGroup;
			children = (
				DC15B9C5240DA0B800C97CD7 /* setCornerRadiusExtension.swift */,
				DC3C2B4C240C15FF00264E4A /* UIView+Pin.swift */,
				DCF105AD2412E641009DFD9E /* InterfaceColors.swift */,
			);
			path = Extensions;
			sourceTree = "<group>";
		};
		DCF105AC2412E56C009DFD9E /* Data */ = {
			isa = PBXGroup;
			children = (
				DCF105A42412E2EB009DFD9E /* UserDefaults.swift */,
				DCF105A62412E2F6009DFD9E /* Abstract.swift */,
				DCF105A82412E301009DFD9E /* abstract.json */,
				DC3C2B4F240C15FF00264E4A /* Attraction.swift */,
				DC3C2B69240C180400264E4A /* Cells.swift */,
				DC95504A2416D78C0063979F /* Segues.swift */,
				DCE429902415ADBB00E77909 /* TestStruct.swift */,
			);
			path = Data;
			sourceTree = "<group>";
		};
/* End PBXGroup section */

/* Begin PBXNativeTarget section */
		DC058C58240AF03200FE4CE7 /* VKRwithSB */ = {
			isa = PBXNativeTarget;
			buildConfigurationList = DC058C6D240AF03400FE4CE7 /* Build configuration list for PBXNativeTarget "VKRwithSB" */;
			buildPhases = (
				DC058C55240AF03200FE4CE7 /* Sources */,
				DC058C56240AF03200FE4CE7 /* Frameworks */,
				DC058C57240AF03200FE4CE7 /* Resources */,
			);
			buildRules = (
			);
			dependencies = (
			);
			name = VKRwithSB;
			productName = VKRwithSB;
			productReference = DC058C59240AF03200FE4CE7 /* VKRwithSB.app */;
			productType = "com.apple.product-type.application";
		};
/* End PBXNativeTarget section */

/* Begin PBXProject section */
		DC058C51240AF03200FE4CE7 /* Project object */ = {
			isa = PBXProject;
			attributes = {
				LastSwiftUpdateCheck = 1130;
				LastUpgradeCheck = 1130;
				ORGANIZATIONNAME = DrEMartstud;
				TargetAttributes = {
					DC058C58240AF03200FE4CE7 = {
						CreatedOnToolsVersion = 11.3;
					};
				};
			};
			buildConfigurationList = DC058C54240AF03200FE4CE7 /* Build configuration list for PBXProject "VKRwithSB" */;
			compatibilityVersion = "Xcode 9.3";
			developmentRegion = en;
			hasScannedForEncodings = 0;
			knownRegions = (
				en,
				Base,
			);
			mainGroup = DC058C50240AF03200FE4CE7;
			productRefGroup = DC058C5A240AF03200FE4CE7 /* Products */;
			projectDirPath = "";
			projectRoot = "";
			targets = (
				DC058C58240AF03200FE4CE7 /* VKRwithSB */,
			);
		};
/* End PBXProject section */

/* Begin PBXResourcesBuildPhase section */
		DC058C57240AF03200FE4CE7 /* Resources */ = {
			isa = PBXResourcesBuildPhase;
			buildActionMask = 2147483647;
			files = (
				DC058C69240AF03400FE4CE7 /* LaunchScreen.storyboard in Resources */,
				DCF105A92412E301009DFD9E /* abstract.json in Resources */,
				DC3C2B5B240C15FF00264E4A /* Assets.xcassets in Resources */,
				DC058C64240AF03200FE4CE7 /* Main.storyboard in Resources */,
			);
			runOnlyForDeploymentPostprocessing = 0;
		};
/* End PBXResourcesBuildPhase section */

/* Begin PBXSourcesBuildPhase section */
		DC058C55240AF03200FE4CE7 /* Sources */ = {
			isa = PBXSourcesBuildPhase;
			buildActionMask = 2147483647;
			files = (
				DC3C2B62240C15FF00264E4A /* AppDelegate.swift in Sources */,
				DC15B9C4240D977400C97CD7 /* WeatherCollectionViewCell.swift in Sources */,
				DC15B9C1240D8D5200C97CD7 /* WeatherViewController.swift in Sources */,
				DC3C2B6A240C180400264E4A /* Cells.swift in Sources */,
				DC058C61240AF03200FE4CE7 /* ViewController.swift in Sources */,
				DCF105A72412E2F6009DFD9E /* Abstract.swift in Sources */,
				DCF105A52412E2EB009DFD9E /* UserDefaults.swift in Sources */,
				DC3C2B61240C15FF00264E4A /* Attraction.swift in Sources */,
				DC3C2B65240C15FF00264E4A /* KODEview.swift in Sources */,
				DC3C2B5E240C15FF00264E4A /* FontSetup.swift in Sources */,
				DC95504B2416D78C0063979F /* Segues.swift in Sources */,
				DC3C2B63240C15FF00264E4A /* AttractionViewController.swift in Sources */,
				DC15B9C6240DA0B800C97CD7 /* setCornerRadiusExtension.swift in Sources */,
				DCE429912415ADBB00E77909 /* TestStruct.swift in Sources */,
				DC3C2B64240C15FF00264E4A /* AttractionCell.swift in Sources */,
				DC3C2B60240C15FF00264E4A /* Images.swift in Sources */,
				DC15B9C8240DA26B00C97CD7 /* Icons.swift in Sources */,
				DC3C2B41240C11F400264E4A /* SearchViewController.swift in Sources */,
				DC3C2B5F240C15FF00264E4A /* UIView+Pin.swift in Sources */,
				DCF105AE2412E641009DFD9E /* InterfaceColors.swift in Sources */,
				DC058C5F240AF03200FE4CE7 /* SceneDelegate.swift in Sources */,
			);
			runOnlyForDeploymentPostprocessing = 0;
		};
/* End PBXSourcesBuildPhase section */

/* Begin PBXVariantGroup section */
		DC058C62240AF03200FE4CE7 /* Main.storyboard */ = {
			isa = PBXVariantGroup;
			children = (
				DC058C63240AF03200FE4CE7 /* Base */,
			);
			name = Main.storyboard;
			sourceTree = "<group>";
		};
		DC058C67240AF03400FE4CE7 /* LaunchScreen.storyboard */ = {
			isa = PBXVariantGroup;
			children = (
				DC058C68240AF03400FE4CE7 /* Base */,
			);
			name = LaunchScreen.storyboard;
			sourceTree = "<group>";
		};
/* End PBXVariantGroup section */

/* Begin XCBuildConfiguration section */
		DC058C6B240AF03400FE4CE7 /* Debug */ = {
			isa = XCBuildConfiguration;
			buildSettings = {
				ALWAYS_SEARCH_USER_PATHS = NO;
				CLANG_ANALYZER_NONNULL = YES;
				CLANG_ANALYZER_NUMBER_OBJECT_CONVERSION = YES_AGGRESSIVE;
				CLANG_CXX_LANGUAGE_STANDARD = "gnu++14";
				CLANG_CXX_LIBRARY = "libc++";
				CLANG_ENABLE_MODULES = YES;
				CLANG_ENABLE_OBJC_ARC = YES;
				CLANG_ENABLE_OBJC_WEAK = YES;
				CLANG_WARN_BLOCK_CAPTURE_AUTORELEASING = YES;
				CLANG_WARN_BOOL_CONVERSION = YES;
				CLANG_WARN_COMMA = YES;
				CLANG_WARN_CONSTANT_CONVERSION = YES;
				CLANG_WARN_DEPRECATED_OBJC_IMPLEMENTATIONS = YES;
				CLANG_WARN_DIRECT_OBJC_ISA_USAGE = YES_ERROR;
				CLANG_WARN_DOCUMENTATION_COMMENTS = YES;
				CLANG_WARN_EMPTY_BODY = YES;
				CLANG_WARN_ENUM_CONVERSION = YES;
				CLANG_WARN_INFINITE_RECURSION = YES;
				CLANG_WARN_INT_CONVERSION = YES;
				CLANG_WARN_NON_LITERAL_NULL_CONVERSION = YES;
				CLANG_WARN_OBJC_IMPLICIT_RETAIN_SELF = YES;
				CLANG_WARN_OBJC_LITERAL_CONVERSION = YES;
				CLANG_WARN_OBJC_ROOT_CLASS = YES_ERROR;
				CLANG_WARN_RANGE_LOOP_ANALYSIS = YES;
				CLANG_WARN_STRICT_PROTOTYPES = YES;
				CLANG_WARN_SUSPICIOUS_MOVE = YES;
				CLANG_WARN_UNGUARDED_AVAILABILITY = YES_AGGRESSIVE;
				CLANG_WARN_UNREACHABLE_CODE = YES;
				CLANG_WARN__DUPLICATE_METHOD_MATCH = YES;
				COPY_PHASE_STRIP = NO;
				DEBUG_INFORMATION_FORMAT = dwarf;
				ENABLE_STRICT_OBJC_MSGSEND = YES;
				ENABLE_TESTABILITY = YES;
				GCC_C_LANGUAGE_STANDARD = gnu11;
				GCC_DYNAMIC_NO_PIC = NO;
				GCC_NO_COMMON_BLOCKS = YES;
				GCC_OPTIMIZATION_LEVEL = 0;
				GCC_PREPROCESSOR_DEFINITIONS = (
					"DEBUG=1",
					"$(inherited)",
				);
				GCC_WARN_64_TO_32_BIT_CONVERSION = YES;
				GCC_WARN_ABOUT_RETURN_TYPE = YES_ERROR;
				GCC_WARN_UNDECLARED_SELECTOR = YES;
				GCC_WARN_UNINITIALIZED_AUTOS = YES_AGGRESSIVE;
				GCC_WARN_UNUSED_FUNCTION = YES;
				GCC_WARN_UNUSED_VARIABLE = YES;
				IPHONEOS_DEPLOYMENT_TARGET = 13.2;
				MTL_ENABLE_DEBUG_INFO = INCLUDE_SOURCE;
				MTL_FAST_MATH = YES;
				ONLY_ACTIVE_ARCH = YES;
				SDKROOT = iphoneos;
				SWIFT_ACTIVE_COMPILATION_CONDITIONS = DEBUG;
				SWIFT_OPTIMIZATION_LEVEL = "-Onone";
			};
			name = Debug;
		};
		DC058C6C240AF03400FE4CE7 /* Release */ = {
			isa = XCBuildConfiguration;
			buildSettings = {
				ALWAYS_SEARCH_USER_PATHS = NO;
				CLANG_ANALYZER_NONNULL = YES;
				CLANG_ANALYZER_NUMBER_OBJECT_CONVERSION = YES_AGGRESSIVE;
				CLANG_CXX_LANGUAGE_STANDARD = "gnu++14";
				CLANG_CXX_LIBRARY = "libc++";
				CLANG_ENABLE_MODULES = YES;
				CLANG_ENABLE_OBJC_ARC = YES;
				CLANG_ENABLE_OBJC_WEAK = YES;
				CLANG_WARN_BLOCK_CAPTURE_AUTORELEASING = YES;
				CLANG_WARN_BOOL_CONVERSION = YES;
				CLANG_WARN_COMMA = YES;
				CLANG_WARN_CONSTANT_CONVERSION = YES;
				CLANG_WARN_DEPRECATED_OBJC_IMPLEMENTATIONS = YES;
				CLANG_WARN_DIRECT_OBJC_ISA_USAGE = YES_ERROR;
				CLANG_WARN_DOCUMENTATION_COMMENTS = YES;
				CLANG_WARN_EMPTY_BODY = YES;
				CLANG_WARN_ENUM_CONVERSION = YES;
				CLANG_WARN_INFINITE_RECURSION = YES;
				CLANG_WARN_INT_CONVERSION = YES;
				CLANG_WARN_NON_LITERAL_NULL_CONVERSION = YES;
				CLANG_WARN_OBJC_IMPLICIT_RETAIN_SELF = YES;
				CLANG_WARN_OBJC_LITERAL_CONVERSION = YES;
				CLANG_WARN_OBJC_ROOT_CLASS = YES_ERROR;
				CLANG_WARN_RANGE_LOOP_ANALYSIS = YES;
				CLANG_WARN_STRICT_PROTOTYPES = YES;
				CLANG_WARN_SUSPICIOUS_MOVE = YES;
				CLANG_WARN_UNGUARDED_AVAILABILITY = YES_AGGRESSIVE;
				CLANG_WARN_UNREACHABLE_CODE = YES;
				CLANG_WARN__DUPLICATE_METHOD_MATCH = YES;
				COPY_PHASE_STRIP = NO;
				DEBUG_INFORMATION_FORMAT = "dwarf-with-dsym";
				ENABLE_NS_ASSERTIONS = NO;
				ENABLE_STRICT_OBJC_MSGSEND = YES;
				GCC_C_LANGUAGE_STANDARD = gnu11;
				GCC_NO_COMMON_BLOCKS = YES;
				GCC_WARN_64_TO_32_BIT_CONVERSION = YES;
				GCC_WARN_ABOUT_RETURN_TYPE = YES_ERROR;
				GCC_WARN_UNDECLARED_SELECTOR = YES;
				GCC_WARN_UNINITIALIZED_AUTOS = YES_AGGRESSIVE;
				GCC_WARN_UNUSED_FUNCTION = YES;
				GCC_WARN_UNUSED_VARIABLE = YES;
				IPHONEOS_DEPLOYMENT_TARGET = 13.2;
				MTL_ENABLE_DEBUG_INFO = NO;
				MTL_FAST_MATH = YES;
				SDKROOT = iphoneos;
				SWIFT_COMPILATION_MODE = wholemodule;
				SWIFT_OPTIMIZATION_LEVEL = "-O";
				VALIDATE_PRODUCT = YES;
			};
			name = Release;
		};
		DC058C6E240AF03400FE4CE7 /* Debug */ = {
			isa = XCBuildConfiguration;
			buildSettings = {
				ASSETCATALOG_COMPILER_APPICON_NAME = AppIcon;
				CODE_SIGN_STYLE = Automatic;
				DEVELOPMENT_TEAM = WF28U42J85;
				INFOPLIST_FILE = VKRwithSB/Info.plist;
				LD_RUNPATH_SEARCH_PATHS = (
					"$(inherited)",
					"@executable_path/Frameworks",
				);
				PRODUCT_BUNDLE_IDENTIFIER = com.DrEMartstud.VKRwithSB;
				PRODUCT_NAME = "$(TARGET_NAME)";
				SWIFT_VERSION = 5.0;
				TARGETED_DEVICE_FAMILY = 1;
			};
			name = Debug;
		};
		DC058C6F240AF03400FE4CE7 /* Release */ = {
			isa = XCBuildConfiguration;
			buildSettings = {
				ASSETCATALOG_COMPILER_APPICON_NAME = AppIcon;
				CODE_SIGN_STYLE = Automatic;
				DEVELOPMENT_TEAM = WF28U42J85;
				INFOPLIST_FILE = VKRwithSB/Info.plist;
				LD_RUNPATH_SEARCH_PATHS = (
					"$(inherited)",
					"@executable_path/Frameworks",
				);
				PRODUCT_BUNDLE_IDENTIFIER = com.DrEMartstud.VKRwithSB;
				PRODUCT_NAME = "$(TARGET_NAME)";
				SWIFT_VERSION = 5.0;
				TARGETED_DEVICE_FAMILY = 1;
			};
			name = Release;
		};
/* End XCBuildConfiguration section */

/* Begin XCConfigurationList section */
		DC058C54240AF03200FE4CE7 /* Build configuration list for PBXProject "VKRwithSB" */ = {
			isa = XCConfigurationList;
			buildConfigurations = (
				DC058C6B240AF03400FE4CE7 /* Debug */,
				DC058C6C240AF03400FE4CE7 /* Release */,
			);
			defaultConfigurationIsVisible = 0;
			defaultConfigurationName = Release;
		};
		DC058C6D240AF03400FE4CE7 /* Build configuration list for PBXNativeTarget "VKRwithSB" */ = {
			isa = XCConfigurationList;
			buildConfigurations = (
				DC058C6E240AF03400FE4CE7 /* Debug */,
				DC058C6F240AF03400FE4CE7 /* Release */,
			);
			defaultConfigurationIsVisible = 0;
			defaultConfigurationName = Release;
		};
/* End XCConfigurationList section */
	};
	rootObject = DC058C51240AF03200FE4CE7 /* Project object */;
}
